
Microsoft Visual Studio Solution File, Format Version 12.00
# Visual Studio Version 17
VisualStudioVersion = 17.8.34525.116
MinimumVisualStudioVersion = 10.0.40219.1
Project("{8BC9CEB8-8B4A-11D0-8D11-00A0C91BC942}") = "animasyon", "animasyon.vcxproj", "{E6DA8F88-5541-4BF7-B66D-48AD6D9E4BAC}"
EndProject
Global
	GlobalSection(SolutionConfigurationPlatforms) = preSolution
		Debug|x64 = Debug|x64
		Debug|x86 = Debug|x86
		Release|x64 = Release|x64
		Release|x86 = Release|x86
	EndGlobalSection
	GlobalSection(ProjectConfigurationPlatforms) = postSolution
		{E6DA8F88-5541-4BF7-B66D-48AD6D9E4BAC}.Debug|x64.ActiveCfg = Debug|x64
		{E6DA8F88-5541-4BF7-B66D-48AD6D9E4BAC}.Debug|x64.Build.0 = Debug|x64
		{E6DA8F88-5541-4BF7-B66D-48AD6D9E4BAC}.Debug|x86.ActiveCfg = Debug|Win32
		{E6DA8F88-5541-4BF7-B66D-48AD6D9E4BAC}.Debug|x86.Build.0 = Debug|Win32
		{E6DA8F88-5541-4BF7-B66D-48AD6D9E4BAC}.Release|x64.ActiveCfg = Release|x64
		{E6DA8F88-5541-4BF7-B66D-48AD6D9E4BAC}.Release|x64.Build.0 = Release|x64
		{E6DA8F88-5541-4BF7-B66D-48AD6D9E4BAC}.Release|x86.ActiveCfg = Release|Win32
		{E6DA8F88-5541-4BF7-B66D-48AD6D9E4BAC}.Release|x86.Build.0 = Release|Win32
	EndGlobalSection
	GlobalSection(SolutionProperties) = preSolution
		HideSolutionNode = FALSE
	EndGlobalSection
	GlobalSection(ExtensibilityGlobals) = postSolution
		SolutionGuid = {0DD7A400-8407-4DA2-9978-D06DA7995703}
	EndGlobalSection
EndGlobal
